
Microsoft Visual Studio Solution File, Format Version 12.00
# Visual Studio Version 17
VisualStudioVersion = 17.7.34031.279
MinimumVisualStudioVersion = 10.0.40219.1
Project("{FAE04EC0-301F-11D3-BF4B-00C04F79EFBC}") = "SolarEnergy", "SolarEnergy\SolarEnergy.csproj", "{D2A4CCAD-44CF-46C6-9B82-94B7147C9E3C}"
EndProject
Project("{FAE04EC0-301F-11D3-BF4B-00C04F79EFBC}") = "WindEnergy", "WindEnergy\WindEnergy.csproj", "{9798B34A-3B23-4C86-A1C2-DE1ADBB67DD5}"
EndProject
Project("{FAE04EC0-301F-11D3-BF4B-00C04F79EFBC}") = "WebApplication1", "WebApplication1\WebApplication1.csproj", "{0B6782F3-A874-4743-A077-6A4E29374274}"
	ProjectSection(ProjectDependencies) = postProject
		{9798B34A-3B23-4C86-A1C2-DE1ADBB67DD5} = {9798B34A-3B23-4C86-A1C2-DE1ADBB67DD5}
		{D2A4CCAD-44CF-46C6-9B82-94B7147C9E3C} = {D2A4CCAD-44CF-46C6-9B82-94B7147C9E3C}
	EndProjectSection
EndProject
Global
	GlobalSection(SolutionConfigurationPlatforms) = preSolution
		Debug|Any CPU = Debug|Any CPU
		Release|Any CPU = Release|Any CPU
	EndGlobalSection
	GlobalSection(ProjectConfigurationPlatforms) = postSolution
		{D2A4CCAD-44CF-46C6-9B82-94B7147C9E3C}.Debug|Any CPU.ActiveCfg = Debug|Any CPU
		{D2A4CCAD-44CF-46C6-9B82-94B7147C9E3C}.Debug|Any CPU.Build.0 = Debug|Any CPU
		{D2A4CCAD-44CF-46C6-9B82-94B7147C9E3C}.Release|Any CPU.ActiveCfg = Release|Any CPU
		{D2A4CCAD-44CF-46C6-9B82-94B7147C9E3C}.Release|Any CPU.Build.0 = Release|Any CPU
		{9798B34A-3B23-4C86-A1C2-DE1ADBB67DD5}.Debug|Any CPU.ActiveCfg = Debug|Any CPU
		{9798B34A-3B23-4C86-A1C2-DE1ADBB67DD5}.Debug|Any CPU.Build.0 = Debug|Any CPU
		{9798B34A-3B23-4C86-A1C2-DE1ADBB67DD5}.Release|Any CPU.ActiveCfg = Release|Any CPU
		{9798B34A-3B23-4C86-A1C2-DE1ADBB67DD5}.Release|Any CPU.Build.0 = Release|Any CPU
		{0B6782F3-A874-4743-A077-6A4E29374274}.Debug|Any CPU.ActiveCfg = Debug|Any CPU
		{0B6782F3-A874-4743-A077-6A4E29374274}.Debug|Any CPU.Build.0 = Debug|Any CPU
		{0B6782F3-A874-4743-A077-6A4E29374274}.Release|Any CPU.ActiveCfg = Release|Any CPU
		{0B6782F3-A874-4743-A077-6A4E29374274}.Release|Any CPU.Build.0 = Release|Any CPU
	EndGlobalSection
	GlobalSection(SolutionProperties) = preSolution
		HideSolutionNode = FALSE
	EndGlobalSection
	GlobalSection(ExtensibilityGlobals) = postSolution
		SolutionGuid = {FEDB34AF-4549-483D-BB21-F2F16AAED999}
	EndGlobalSection
EndGlobal
